
Microsoft Visual Studio Solution File, Format Version 12.00
# Visual Studio Version 17
VisualStudioVersion = 17.4.33213.308
MinimumVisualStudioVersion = 10.0.40219.1
Project("{FAE04EC0-301F-11D3-BF4B-00C04F79EFBC}") = "Ejercicio2", "Ejercicio2\Ejercicio2.csproj", "{00B13D36-2C29-461E-A960-1381D2556DEC}"
EndProject
Global
	GlobalSection(SolutionConfigurationPlatforms) = preSolution
		Debug|Any CPU = Debug|Any CPU
		Release|Any CPU = Release|Any CPU
	EndGlobalSection
	GlobalSection(ProjectConfigurationPlatforms) = postSolution
		{00B13D36-2C29-461E-A960-1381D2556DEC}.Debug|Any CPU.ActiveCfg = Debug|Any CPU
		{00B13D36-2C29-461E-A960-1381D2556DEC}.Debug|Any CPU.Build.0 = Debug|Any CPU
		{00B13D36-2C29-461E-A960-1381D2556DEC}.Release|Any CPU.ActiveCfg = Release|Any CPU
		{00B13D36-2C29-461E-A960-1381D2556DEC}.Release|Any CPU.Build.0 = Release|Any CPU
	EndGlobalSection
	GlobalSection(SolutionProperties) = preSolution
		HideSolutionNode = FALSE
	EndGlobalSection
	GlobalSection(ExtensibilityGlobals) = postSolution
		SolutionGuid = {56587A66-85EE-4647-A5A4-016845521C43}
	EndGlobalSection
EndGlobal
