
Microsoft Visual Studio Solution File, Format Version 12.00
# Visual Studio Version 17
VisualStudioVersion = 17.4.33213.308
MinimumVisualStudioVersion = 10.0.40219.1
Project("{FAE04EC0-301F-11D3-BF4B-00C04F79EFBC}") = "Ejercicio2 - Switch", "Ejercicio2 - Switch\Ejercicio2 - Switch.csproj", "{40FABF06-C316-4653-8F34-62578EB48109}"
EndProject
Global
	GlobalSection(SolutionConfigurationPlatforms) = preSolution
		Debug|Any CPU = Debug|Any CPU
		Release|Any CPU = Release|Any CPU
	EndGlobalSection
	GlobalSection(ProjectConfigurationPlatforms) = postSolution
		{40FABF06-C316-4653-8F34-62578EB48109}.Debug|Any CPU.ActiveCfg = Debug|Any CPU
		{40FABF06-C316-4653-8F34-62578EB48109}.Debug|Any CPU.Build.0 = Debug|Any CPU
		{40FABF06-C316-4653-8F34-62578EB48109}.Release|Any CPU.ActiveCfg = Release|Any CPU
		{40FABF06-C316-4653-8F34-62578EB48109}.Release|Any CPU.Build.0 = Release|Any CPU
	EndGlobalSection
	GlobalSection(SolutionProperties) = preSolution
		HideSolutionNode = FALSE
	EndGlobalSection
	GlobalSection(ExtensibilityGlobals) = postSolution
		SolutionGuid = {C4B50691-E2A8-417D-B2E9-B6E5293435A5}
	EndGlobalSection
EndGlobal
